// !$*UTF8*$!
{
	archiveVersion = 1;
	classes = {
	};
	objectVersion = 50;
	objects = {

/* Begin PBXBuildFile section */
		256810112346E47E00629AEA /* AppDelegate.m in Sources */ = {isa = PBXBuildFile; fileRef = 256810102346E47E00629AEA /* AppDelegate.m */; };
		256810142346E47E00629AEA /* SceneDelegate.m in Sources */ = {isa = PBXBuildFile; fileRef = 256810132346E47E00629AEA /* SceneDelegate.m */; };
		256810172346E47E00629AEA /* ViewController.m in Sources */ = {isa = PBXBuildFile; fileRef = 256810162346E47E00629AEA /* ViewController.m */; };
		2568101A2346E47E00629AEA /* Main.storyboard in Resources */ = {isa = PBXBuildFile; fileRef = 256810182346E47E00629AEA /* Main.storyboard */; };
		2568101C2346E47F00629AEA /* Assets.xcassets in Resources */ = {isa = PBXBuildFile; fileRef = 2568101B2346E47F00629AEA /* Assets.xcassets */; };
		2568101F2346E47F00629AEA /* LaunchScreen.storyboard in Resources */ = {isa = PBXBuildFile; fileRef = 2568101D2346E47F00629AEA /* LaunchScreen.storyboard */; };
		256810222346E47F00629AEA /* main.m in Sources */ = {isa = PBXBuildFile; fileRef = 256810212346E47F00629AEA /* main.m */; };
		256810302346E64D00629AEA /* user.m in Sources */ = {isa = PBXBuildFile; fileRef = 2568102F2346E64D00629AEA /* user.m */; };
		256810342346E69000629AEA /* CloudKit.framework in Frameworks */ = {isa = PBXBuildFile; fileRef = 256810332346E69000629AEA /* CloudKit.framework */; };
		256810372346E71E00629AEA /* ChatRoom.m in Sources */ = {isa = PBXBuildFile; fileRef = 256810362346E71E00629AEA /* ChatRoom.m */; };
		2568103B2346EC4900629AEA /* Constants.m in Sources */ = {isa = PBXBuildFile; fileRef = 2568103A2346EC4900629AEA /* Constants.m */; };
/* End PBXBuildFile section */

/* Begin PBXFileReference section */
		2568100C2346E47E00629AEA /* AnonymousGroupChatObjC.app */ = {isa = PBXFileReference; explicitFileType = wrapper.application; includeInIndex = 0; path = AnonymousGroupChatObjC.app; sourceTree = BUILT_PRODUCTS_DIR; };
		2568100F2346E47E00629AEA /* AppDelegate.h */ = {isa = PBXFileReference; lastKnownFileType = sourcecode.c.h; path = AppDelegate.h; sourceTree = "<group>"; };
		256810102346E47E00629AEA /* AppDelegate.m */ = {isa = PBXFileReference; lastKnownFileType = sourcecode.c.objc; path = AppDelegate.m; sourceTree = "<group>"; };
		256810122346E47E00629AEA /* SceneDelegate.h */ = {isa = PBXFileReference; lastKnownFileType = sourcecode.c.h; path = SceneDelegate.h; sourceTree = "<group>"; };
		256810132346E47E00629AEA /* SceneDelegate.m */ = {isa = PBXFileReference; lastKnownFileType = sourcecode.c.objc; path = SceneDelegate.m; sourceTree = "<group>"; };
		256810152346E47E00629AEA /* ViewController.h */ = {isa = PBXFileReference; lastKnownFileType = sourcecode.c.h; path = ViewController.h; sourceTree = "<group>"; };
		256810162346E47E00629AEA /* ViewController.m */ = {isa = PBXFileReference; lastKnownFileType = sourcecode.c.objc; path = ViewController.m; sourceTree = "<group>"; };
		256810192346E47E00629AEA /* Base */ = {isa = PBXFileReference; lastKnownFileType = file.storyboard; name = Base; path = Base.lproj/Main.storyboard; sourceTree = "<group>"; };
		2568101B2346E47F00629AEA /* Assets.xcassets */ = {isa = PBXFileReference; lastKnownFileType = folder.assetcatalog; path = Assets.xcassets; sourceTree = "<group>"; };
		2568101E2346E47F00629AEA /* Base */ = {isa = PBXFileReference; lastKnownFileType = file.storyboard; name = Base; path = Base.lproj/LaunchScreen.storyboard; sourceTree = "<group>"; };
		256810202346E47F00629AEA /* Info.plist */ = {isa = PBXFileReference; lastKnownFileType = text.plist.xml; path = Info.plist; sourceTree = "<group>"; };
		256810212346E47F00629AEA /* main.m */ = {isa = PBXFileReference; lastKnownFileType = sourcecode.c.objc; path = main.m; sourceTree = "<group>"; };
		2568102E2346E64D00629AEA /* user.h */ = {isa = PBXFileReference; lastKnownFileType = sourcecode.c.h; path = user.h; sourceTree = "<group>"; };
		2568102F2346E64D00629AEA /* user.m */ = {isa = PBXFileReference; lastKnownFileType = sourcecode.c.objc; path = user.m; sourceTree = "<group>"; };
		256810312346E68D00629AEA /* AnonymousGroupChatObjC.entitlements */ = {isa = PBXFileReference; lastKnownFileType = text.plist.entitlements; path = AnonymousGroupChatObjC.entitlements; sourceTree = "<group>"; };
		256810332346E69000629AEA /* CloudKit.framework */ = {isa = PBXFileReference; lastKnownFileType = wrapper.framework; name = CloudKit.framework; path = System/Library/Frameworks/CloudKit.framework; sourceTree = SDKROOT; };
		256810352346E71E00629AEA /* ChatRoom.h */ = {isa = PBXFileReference; lastKnownFileType = sourcecode.c.h; path = ChatRoom.h; sourceTree = "<group>"; };
		256810362346E71E00629AEA /* ChatRoom.m */ = {isa = PBXFileReference; lastKnownFileType = sourcecode.c.objc; path = ChatRoom.m; sourceTree = "<group>"; };
		256810392346EC4900629AEA /* Constants.h */ = {isa = PBXFileReference; lastKnownFileType = sourcecode.c.h; path = Constants.h; sourceTree = "<group>"; };
		2568103A2346EC4900629AEA /* Constants.m */ = {isa = PBXFileReference; lastKnownFileType = sourcecode.c.objc; path = Constants.m; sourceTree = "<group>"; };
/* End PBXFileReference section */

/* Begin PBXFrameworksBuildPhase section */
		256810092346E47E00629AEA /* Frameworks */ = {
			isa = PBXFrameworksBuildPhase;
			buildActionMask = 2147483647;
			files = (
				256810342346E69000629AEA /* CloudKit.framework in Frameworks */,
			);
			runOnlyForDeploymentPostprocessing = 0;
		};
/* End PBXFrameworksBuildPhase section */

/* Begin PBXGroup section */
		256810032346E47E00629AEA = {
			isa = PBXGroup;
			children = (
				2568100E2346E47E00629AEA /* AnonymousGroupChatObjC */,
				2568100D2346E47E00629AEA /* Products */,
				256810322346E69000629AEA /* Frameworks */,
			);
			sourceTree = "<group>";
		};
		2568100D2346E47E00629AEA /* Products */ = {
			isa = PBXGroup;
			children = (
				2568100C2346E47E00629AEA /* AnonymousGroupChatObjC.app */,
			);
			name = Products;
			sourceTree = "<group>";
		};
		2568100E2346E47E00629AEA /* AnonymousGroupChatObjC */ = {
			isa = PBXGroup;
			children = (
				256810382346EC2100629AEA /* Helpers */,
				256810312346E68D00629AEA /* AnonymousGroupChatObjC.entitlements */,
				256810292346E49300629AEA /* Model */,
				256810282346E49000629AEA /* Controllers */,
				2568102A2346E49600629AEA /* UI */,
				2568102C2346E4C700629AEA /* Views */,
				2568102B2346E49900629AEA /* Resources */,
				256810182346E47E00629AEA /* Main.storyboard */,
			);
			path = AnonymousGroupChatObjC;
			sourceTree = "<group>";
		};
		256810282346E49000629AEA /* Controllers */ = {
			isa = PBXGroup;
			children = (
			);
			path = Controllers;
			sourceTree = "<group>";
		};
		256810292346E49300629AEA /* Model */ = {
			isa = PBXGroup;
			children = (
				2568102E2346E64D00629AEA /* user.h */,
				2568102F2346E64D00629AEA /* user.m */,
				256810352346E71E00629AEA /* ChatRoom.h */,
				256810362346E71E00629AEA /* ChatRoom.m */,
			);
			path = Model;
			sourceTree = "<group>";
		};
		2568102A2346E49600629AEA /* UI */ = {
			isa = PBXGroup;
			children = (
				2568101D2346E47F00629AEA /* LaunchScreen.storyboard */,
			);
			path = UI;
			sourceTree = "<group>";
		};
		2568102B2346E49900629AEA /* Resources */ = {
			isa = PBXGroup;
			children = (
				2568100F2346E47E00629AEA /* AppDelegate.h */,
				256810102346E47E00629AEA /* AppDelegate.m */,
				256810122346E47E00629AEA /* SceneDelegate.h */,
				256810202346E47F00629AEA /* Info.plist */,
				256810212346E47F00629AEA /* main.m */,
				256810132346E47E00629AEA /* SceneDelegate.m */,
				2568101B2346E47F00629AEA /* Assets.xcassets */,
			);
			path = Resources;
			sourceTree = "<group>";
		};
		2568102C2346E4C700629AEA /* Views */ = {
			isa = PBXGroup;
			children = (
				256810152346E47E00629AEA /* ViewController.h */,
				256810162346E47E00629AEA /* ViewController.m */,
			);
			path = Views;
			sourceTree = "<group>";
		};
		256810322346E69000629AEA /* Frameworks */ = {
			isa = PBXGroup;
			children = (
				256810332346E69000629AEA /* CloudKit.framework */,
			);
			name = Frameworks;
			sourceTree = "<group>";
		};
		256810382346EC2100629AEA /* Helpers */ = {
			isa = PBXGroup;
			children = (
				256810392346EC4900629AEA /* Constants.h */,
				2568103A2346EC4900629AEA /* Constants.m */,
			);
			path = Helpers;
			sourceTree = "<group>";
		};
/* End PBXGroup section */

/* Begin PBXNativeTarget section */
		2568100B2346E47E00629AEA /* AnonymousGroupChatObjC */ = {
			isa = PBXNativeTarget;
			buildConfigurationList = 256810252346E47F00629AEA /* Build configuration list for PBXNativeTarget "AnonymousGroupChatObjC" */;
			buildPhases = (
				256810082346E47E00629AEA /* Sources */,
				256810092346E47E00629AEA /* Frameworks */,
				2568100A2346E47E00629AEA /* Resources */,
			);
			buildRules = (
			);
			dependencies = (
			);
			name = AnonymousGroupChatObjC;
			productName = AnonymousGroupChatObjC;
			productReference = 2568100C2346E47E00629AEA /* AnonymousGroupChatObjC.app */;
			productType = "com.apple.product-type.application";
		};
/* End PBXNativeTarget section */

/* Begin PBXProject section */
		256810042346E47E00629AEA /* Project object */ = {
			isa = PBXProject;
			attributes = {
				LastUpgradeCheck = 1100;
				ORGANIZATIONNAME = "Ian Hall";
				TargetAttributes = {
					2568100B2346E47E00629AEA = {
						CreatedOnToolsVersion = 11.0;
					};
				};
			};
			buildConfigurationList = 256810072346E47E00629AEA /* Build configuration list for PBXProject "AnonymousGroupChatObjC" */;
			compatibilityVersion = "Xcode 9.3";
			developmentRegion = en;
			hasScannedForEncodings = 0;
			knownRegions = (
				en,
				Base,
			);
			mainGroup = 256810032346E47E00629AEA;
			productRefGroup = 2568100D2346E47E00629AEA /* Products */;
			projectDirPath = "";
			projectRoot = "";
			targets = (
				2568100B2346E47E00629AEA /* AnonymousGroupChatObjC */,
			);
		};
/* End PBXProject section */

/* Begin PBXResourcesBuildPhase section */
		2568100A2346E47E00629AEA /* Resources */ = {
			isa = PBXResourcesBuildPhase;
			buildActionMask = 2147483647;
			files = (
				2568101F2346E47F00629AEA /* LaunchScreen.storyboard in Resources */,
				2568101C2346E47F00629AEA /* Assets.xcassets in Resources */,
				2568101A2346E47E00629AEA /* Main.storyboard in Resources */,
			);
			runOnlyForDeploymentPostprocessing = 0;
		};
/* End PBXResourcesBuildPhase section */

/* Begin PBXSourcesBuildPhase section */
		256810082346E47E00629AEA /* Sources */ = {
			isa = PBXSourcesBuildPhase;
			buildActionMask = 2147483647;
			files = (
				256810302346E64D00629AEA /* user.m in Sources */,
				256810172346E47E00629AEA /* ViewController.m in Sources */,
				256810112346E47E00629AEA /* AppDelegate.m in Sources */,
				256810222346E47F00629AEA /* main.m in Sources */,
				256810372346E71E00629AEA /* ChatRoom.m in Sources */,
				2568103B2346EC4900629AEA /* Constants.m in Sources */,
				256810142346E47E00629AEA /* SceneDelegate.m in Sources */,
			);
			runOnlyForDeploymentPostprocessing = 0;
		};
/* End PBXSourcesBuildPhase section */

/* Begin PBXVariantGroup section */
		256810182346E47E00629AEA /* Main.storyboard */ = {
			isa = PBXVariantGroup;
			children = (
				256810192346E47E00629AEA /* Base */,
			);
			name = Main.storyboard;
			sourceTree = "<group>";
		};
		2568101D2346E47F00629AEA /* LaunchScreen.storyboard */ = {
			isa = PBXVariantGroup;
			children = (
				2568101E2346E47F00629AEA /* Base */,
			);
			name = LaunchScreen.storyboard;
			sourceTree = "<group>";
		};
/* End PBXVariantGroup section */

/* Begin XCBuildConfiguration section */
		256810232346E47F00629AEA /* Debug */ = {
			isa = XCBuildConfiguration;
			buildSettings = {
				ALWAYS_SEARCH_USER_PATHS = NO;
				CLANG_ANALYZER_NONNULL = YES;
				CLANG_ANALYZER_NUMBER_OBJECT_CONVERSION = YES_AGGRESSIVE;
				CLANG_CXX_LANGUAGE_STANDARD = "gnu++14";
				CLANG_CXX_LIBRARY = "libc++";
				CLANG_ENABLE_MODULES = YES;
				CLANG_ENABLE_OBJC_ARC = YES;
				CLANG_ENABLE_OBJC_WEAK = YES;
				CLANG_WARN_BLOCK_CAPTURE_AUTORELEASING = YES;
				CLANG_WARN_BOOL_CONVERSION = YES;
				CLANG_WARN_COMMA = YES;
				CLANG_WARN_CONSTANT_CONVERSION = YES;
				CLANG_WARN_DEPRECATED_OBJC_IMPLEMENTATIONS = YES;
				CLANG_WARN_DIRECT_OBJC_ISA_USAGE = YES_ERROR;
				CLANG_WARN_DOCUMENTATION_COMMENTS = YES;
				CLANG_WARN_EMPTY_BODY = YES;
				CLANG_WARN_ENUM_CONVERSION = YES;
				CLANG_WARN_INFINITE_RECURSION = YES;
				CLANG_WARN_INT_CONVERSION = YES;
				CLANG_WARN_NON_LITERAL_NULL_CONVERSION = YES;
				CLANG_WARN_OBJC_IMPLICIT_RETAIN_SELF = YES;
				CLANG_WARN_OBJC_LITERAL_CONVERSION = YES;
				CLANG_WARN_OBJC_ROOT_CLASS = YES_ERROR;
				CLANG_WARN_RANGE_LOOP_ANALYSIS = YES;
				CLANG_WARN_STRICT_PROTOTYPES = YES;
				CLANG_WARN_SUSPICIOUS_MOVE = YES;
				CLANG_WARN_UNGUARDED_AVAILABILITY = YES_AGGRESSIVE;
				CLANG_WARN_UNREACHABLE_CODE = YES;
				CLANG_WARN__DUPLICATE_METHOD_MATCH = YES;
				COPY_PHASE_STRIP = NO;
				DEBUG_INFORMATION_FORMAT = dwarf;
				ENABLE_STRICT_OBJC_MSGSEND = YES;
				ENABLE_TESTABILITY = YES;
				GCC_C_LANGUAGE_STANDARD = gnu11;
				GCC_DYNAMIC_NO_PIC = NO;
				GCC_NO_COMMON_BLOCKS = YES;
				GCC_OPTIMIZATION_LEVEL = 0;
				GCC_PREPROCESSOR_DEFINITIONS = (
					"DEBUG=1",
					"$(inherited)",
				);
				GCC_WARN_64_TO_32_BIT_CONVERSION = YES;
				GCC_WARN_ABOUT_RETURN_TYPE = YES_ERROR;
				GCC_WARN_UNDECLARED_SELECTOR = YES;
				GCC_WARN_UNINITIALIZED_AUTOS = YES_AGGRESSIVE;
				GCC_WARN_UNUSED_FUNCTION = YES;
				GCC_WARN_UNUSED_VARIABLE = YES;
				IPHONEOS_DEPLOYMENT_TARGET = 13.0;
				MTL_ENABLE_DEBUG_INFO = INCLUDE_SOURCE;
				MTL_FAST_MATH = YES;
				ONLY_ACTIVE_ARCH = YES;
				SDKROOT = iphoneos;
			};
			name = Debug;
		};
		256810242346E47F00629AEA /* Release */ = {
			isa = XCBuildConfiguration;
			buildSettings = {
				ALWAYS_SEARCH_USER_PATHS = NO;
				CLANG_ANALYZER_NONNULL = YES;
				CLANG_ANALYZER_NUMBER_OBJECT_CONVERSION = YES_AGGRESSIVE;
				CLANG_CXX_LANGUAGE_STANDARD = "gnu++14";
				CLANG_CXX_LIBRARY = "libc++";
				CLANG_ENABLE_MODULES = YES;
				CLANG_ENABLE_OBJC_ARC = YES;
				CLANG_ENABLE_OBJC_WEAK = YES;
				CLANG_WARN_BLOCK_CAPTURE_AUTORELEASING = YES;
				CLANG_WARN_BOOL_CONVERSION = YES;
				CLANG_WARN_COMMA = YES;
				CLANG_WARN_CONSTANT_CONVERSION = YES;
				CLANG_WARN_DEPRECATED_OBJC_IMPLEMENTATIONS = YES;
				CLANG_WARN_DIRECT_OBJC_ISA_USAGE = YES_ERROR;
				CLANG_WARN_DOCUMENTATION_COMMENTS = YES;
				CLANG_WARN_EMPTY_BODY = YES;
				CLANG_WARN_ENUM_CONVERSION = YES;
				CLANG_WARN_INFINITE_RECURSION = YES;
				CLANG_WARN_INT_CONVERSION = YES;
				CLANG_WARN_NON_LITERAL_NULL_CONVERSION = YES;
				CLANG_WARN_OBJC_IMPLICIT_RETAIN_SELF = YES;
				CLANG_WARN_OBJC_LITERAL_CONVERSION = YES;
				CLANG_WARN_OBJC_ROOT_CLASS = YES_ERROR;
				CLANG_WARN_RANGE_LOOP_ANALYSIS = YES;
				CLANG_WARN_STRICT_PROTOTYPES = YES;
				CLANG_WARN_SUSPICIOUS_MOVE = YES;
				CLANG_WARN_UNGUARDED_AVAILABILITY = YES_AGGRESSIVE;
				CLANG_WARN_UNREACHABLE_CODE = YES;
				CLANG_WARN__DUPLICATE_METHOD_MATCH = YES;
				COPY_PHASE_STRIP = NO;
				DEBUG_INFORMATION_FORMAT = "dwarf-with-dsym";
				ENABLE_NS_ASSERTIONS = NO;
				ENABLE_STRICT_OBJC_MSGSEND = YES;
				GCC_C_LANGUAGE_STANDARD = gnu11;
				GCC_NO_COMMON_BLOCKS = YES;
				GCC_WARN_64_TO_32_BIT_CONVERSION = YES;
				GCC_WARN_ABOUT_RETURN_TYPE = YES_ERROR;
				GCC_WARN_UNDECLARED_SELECTOR = YES;
				GCC_WARN_UNINITIALIZED_AUTOS = YES_AGGRESSIVE;
				GCC_WARN_UNUSED_FUNCTION = YES;
				GCC_WARN_UNUSED_VARIABLE = YES;
				IPHONEOS_DEPLOYMENT_TARGET = 13.0;
				MTL_ENABLE_DEBUG_INFO = NO;
				MTL_FAST_MATH = YES;
				SDKROOT = iphoneos;
				VALIDATE_PRODUCT = YES;
			};
			name = Release;
		};
		256810262346E47F00629AEA /* Debug */ = {
			isa = XCBuildConfiguration;
			buildSettings = {
				ASSETCATALOG_COMPILER_APPICON_NAME = AppIcon;
				CODE_SIGN_ENTITLEMENTS = AnonymousGroupChatObjC/AnonymousGroupChatObjC.entitlements;
				CODE_SIGN_STYLE = Automatic;
				DEVELOPMENT_TEAM = 38AN8KZ7HW;
				INFOPLIST_FILE = AnonymousGroupChatObjC/Resources/Info.plist;
				LD_RUNPATH_SEARCH_PATHS = (
					"$(inherited)",
					"@executable_path/Frameworks",
				);
				PRODUCT_BUNDLE_IDENTIFIER = com.IanH411.AnonymousGroupChatObjC;
				PRODUCT_NAME = "$(TARGET_NAME)";
				TARGETED_DEVICE_FAMILY = "1,2";
			};
			name = Debug;
		};
		256810272346E47F00629AEA /* Release */ = {
			isa = XCBuildConfiguration;
			buildSettings = {
				ASSETCATALOG_COMPILER_APPICON_NAME = AppIcon;
				CODE_SIGN_ENTITLEMENTS = AnonymousGroupChatObjC/AnonymousGroupChatObjC.entitlements;
				CODE_SIGN_STYLE = Automatic;
				DEVELOPMENT_TEAM = 38AN8KZ7HW;
				INFOPLIST_FILE = AnonymousGroupChatObjC/Resources/Info.plist;
				LD_RUNPATH_SEARCH_PATHS = (
					"$(inherited)",
					"@executable_path/Frameworks",
				);
				PRODUCT_BUNDLE_IDENTIFIER = com.IanH411.AnonymousGroupChatObjC;
				PRODUCT_NAME = "$(TARGET_NAME)";
				TARGETED_DEVICE_FAMILY = "1,2";
			};
			name = Release;
		};
/* End XCBuildConfiguration section */

/* Begin XCConfigurationList section */
		256810072346E47E00629AEA /* Build configuration list for PBXProject "AnonymousGroupChatObjC" */ = {
			isa = XCConfigurationList;
			buildConfigurations = (
				256810232346E47F00629AEA /* Debug */,
				256810242346E47F00629AEA /* Release */,
			);
			defaultConfigurationIsVisible = 0;
			defaultConfigurationName = Release;
		};
		256810252346E47F00629AEA /* Build configuration list for PBXNativeTarget "AnonymousGroupChatObjC" */ = {
			isa = XCConfigurationList;
			buildConfigurations = (
				256810262346E47F00629AEA /* Debug */,
				256810272346E47F00629AEA /* Release */,
			);
			defaultConfigurationIsVisible = 0;
			defaultConfigurationName = Release;
		};
/* End XCConfigurationList section */
	};
	rootObject = 256810042346E47E00629AEA /* Project object */;
}
